{
  "name": "foreup_stockwatcher",
  "requires": true,
  "lockfileVersion": 1,
  "dependencies": {
    "backbone": {
      "version": "1.3.3",
      "resolved": "https://registry.npmjs.org/backbone/-/backbone-1.3.3.tgz",
      "integrity": "sha1-TMgOp8sWMaxHSInOQPL4vGg7KZk=",
      "requires": {
        "underscore": "1.8.3"
      }
    },
    "backbone.marionette": {
      "version": "3.4.1",
      "resolved": "https://registry.npmjs.org/backbone.marionette/-/backbone.marionette-3.4.1.tgz",
      "integrity": "sha1-oUi/4kIj/qSqIBihY38qzI3aEM8=",
      "requires": {
        "backbone.radio": "2.0.0"
      }
    },
    "backbone.radio": {
      "version": "2.0.0",
      "resolved": "https://registry.npmjs.org/backbone.radio/-/backbone.radio-2.0.0.tgz",
      "integrity": "sha1-u+hnKzc+MT+Z820vvPWD/nfQT0I="
    },
    "underscore": {
      "version": "1.8.3",
      "resolved": "https://registry.npmjs.org/underscore/-/underscore-1.8.3.tgz",
      "integrity": "sha1-Tz+1OxBuYJf8+ctBCfKl6b36UCI="
    }
  }
}
